
Microsoft Visual Studio Solution File, Format Version 12.00
# Visual Studio 14
VisualStudioVersion = 14.0.25420.1
MinimumVisualStudioVersion = 10.0.40219.1
Project("{FAE04EC0-301F-11D3-BF4B-00C04F79EFBC}") = "RustIO.ApiClient", "RustIO.ApiClient\RustIO.ApiClient.csproj", "{F100836B-5890-4FD2-B9C5-C073E99292F0}"
EndProject
Project("{FAE04EC0-301F-11D3-BF4B-00C04F79EFBC}") = "RustIO.MapDownloader", "RustIO.MapDownloader\RustIO.MapDownloader.csproj", "{E44BCFEC-E3DA-4C0C-B0D2-EECD757BFB41}"
EndProject
Project("{FAE04EC0-301F-11D3-BF4B-00C04F79EFBC}") = "RustIO.MapViewer", "RustIO.MapViewer\RustIO.MapViewer.csproj", "{11F27E21-8C14-4C27-A34D-040B8517D6EA}"
EndProject
Global
	GlobalSection(SolutionConfigurationPlatforms) = preSolution
		Debug|Any CPU = Debug|Any CPU
		Release|Any CPU = Release|Any CPU
	EndGlobalSection
	GlobalSection(ProjectConfigurationPlatforms) = postSolution
		{F100836B-5890-4FD2-B9C5-C073E99292F0}.Debug|Any CPU.ActiveCfg = Debug|Any CPU
		{F100836B-5890-4FD2-B9C5-C073E99292F0}.Debug|Any CPU.Build.0 = Debug|Any CPU
		{F100836B-5890-4FD2-B9C5-C073E99292F0}.Release|Any CPU.ActiveCfg = Release|Any CPU
		{F100836B-5890-4FD2-B9C5-C073E99292F0}.Release|Any CPU.Build.0 = Release|Any CPU
		{E44BCFEC-E3DA-4C0C-B0D2-EECD757BFB41}.Debug|Any CPU.ActiveCfg = Debug|Any CPU
		{E44BCFEC-E3DA-4C0C-B0D2-EECD757BFB41}.Debug|Any CPU.Build.0 = Debug|Any CPU
		{E44BCFEC-E3DA-4C0C-B0D2-EECD757BFB41}.Release|Any CPU.ActiveCfg = Release|Any CPU
		{E44BCFEC-E3DA-4C0C-B0D2-EECD757BFB41}.Release|Any CPU.Build.0 = Release|Any CPU
		{11F27E21-8C14-4C27-A34D-040B8517D6EA}.Debug|Any CPU.ActiveCfg = Debug|Any CPU
		{11F27E21-8C14-4C27-A34D-040B8517D6EA}.Debug|Any CPU.Build.0 = Debug|Any CPU
		{11F27E21-8C14-4C27-A34D-040B8517D6EA}.Release|Any CPU.ActiveCfg = Release|Any CPU
		{11F27E21-8C14-4C27-A34D-040B8517D6EA}.Release|Any CPU.Build.0 = Release|Any CPU
	EndGlobalSection
	GlobalSection(SolutionProperties) = preSolution
		HideSolutionNode = FALSE
	EndGlobalSection
EndGlobal
