
Microsoft Visual Studio Solution File, Format Version 12.00
# Visual Studio 14
VisualStudioVersion = 14.0.25420.1
MinimumVisualStudioVersion = 10.0.40219.1
Project("{FAE04EC0-301F-11D3-BF4B-00C04F79EFBC}") = "RustIO.ApiClient", "RustIO.ApiClient\RustIO.ApiClient.csproj", "{F100836B-5890-4FD2-B9C5-C073E99292F0}"
EndProject
Project("{FAE04EC0-301F-11D3-BF4B-00C04F79EFBC}") = "RustIO.MapDownloader", "RustIO.MapDownloader\RustIO.MapDownloader.csproj", "{E44BCFEC-E3DA-4C0C-B0D2-EECD757BFB41}"
EndProject
Project("{FAE04EC0-301F-11D3-BF4B-00C04F79EFBC}") = "RustIO.MapViewer", "RustIO.MapViewer\RustIO.MapViewer.csproj", "{D47643BA-554B-4AF9-BD3C-5B3956912970}"
EndProject
Global
	GlobalSection(SolutionConfigurationPlatforms) = preSolution
		Debug|Any CPU = Debug|Any CPU
		Debug|x86 = Debug|x86
		Release|Any CPU = Release|Any CPU
		Release|x86 = Release|x86
	EndGlobalSection
	GlobalSection(ProjectConfigurationPlatforms) = postSolution
		{F100836B-5890-4FD2-B9C5-C073E99292F0}.Debug|Any CPU.ActiveCfg = Debug|Any CPU
		{F100836B-5890-4FD2-B9C5-C073E99292F0}.Debug|Any CPU.Build.0 = Debug|Any CPU
		{F100836B-5890-4FD2-B9C5-C073E99292F0}.Debug|x86.ActiveCfg = Debug|x86
		{F100836B-5890-4FD2-B9C5-C073E99292F0}.Debug|x86.Build.0 = Debug|x86
		{F100836B-5890-4FD2-B9C5-C073E99292F0}.Release|Any CPU.ActiveCfg = Release|Any CPU
		{F100836B-5890-4FD2-B9C5-C073E99292F0}.Release|Any CPU.Build.0 = Release|Any CPU
		{F100836B-5890-4FD2-B9C5-C073E99292F0}.Release|x86.ActiveCfg = Release|x86
		{F100836B-5890-4FD2-B9C5-C073E99292F0}.Release|x86.Build.0 = Release|x86
		{E44BCFEC-E3DA-4C0C-B0D2-EECD757BFB41}.Debug|Any CPU.ActiveCfg = Debug|Any CPU
		{E44BCFEC-E3DA-4C0C-B0D2-EECD757BFB41}.Debug|Any CPU.Build.0 = Debug|Any CPU
		{E44BCFEC-E3DA-4C0C-B0D2-EECD757BFB41}.Debug|x86.ActiveCfg = Debug|x86
		{E44BCFEC-E3DA-4C0C-B0D2-EECD757BFB41}.Debug|x86.Build.0 = Debug|x86
		{E44BCFEC-E3DA-4C0C-B0D2-EECD757BFB41}.Release|Any CPU.ActiveCfg = Release|Any CPU
		{E44BCFEC-E3DA-4C0C-B0D2-EECD757BFB41}.Release|Any CPU.Build.0 = Release|Any CPU
		{E44BCFEC-E3DA-4C0C-B0D2-EECD757BFB41}.Release|x86.ActiveCfg = Release|x86
		{E44BCFEC-E3DA-4C0C-B0D2-EECD757BFB41}.Release|x86.Build.0 = Release|x86
		{D47643BA-554B-4AF9-BD3C-5B3956912970}.Debug|Any CPU.ActiveCfg = Debug|Any CPU
		{D47643BA-554B-4AF9-BD3C-5B3956912970}.Debug|Any CPU.Build.0 = Debug|Any CPU
		{D47643BA-554B-4AF9-BD3C-5B3956912970}.Debug|x86.ActiveCfg = Debug|x86
		{D47643BA-554B-4AF9-BD3C-5B3956912970}.Debug|x86.Build.0 = Debug|x86
		{D47643BA-554B-4AF9-BD3C-5B3956912970}.Release|Any CPU.ActiveCfg = Release|Any CPU
		{D47643BA-554B-4AF9-BD3C-5B3956912970}.Release|Any CPU.Build.0 = Release|Any CPU
		{D47643BA-554B-4AF9-BD3C-5B3956912970}.Release|x86.ActiveCfg = Release|x86
		{D47643BA-554B-4AF9-BD3C-5B3956912970}.Release|x86.Build.0 = Release|x86
	EndGlobalSection
	GlobalSection(SolutionProperties) = preSolution
		HideSolutionNode = FALSE
	EndGlobalSection
EndGlobal
